{
  "version": 4,
  "terraform_version": "0.12.20",
  "serial": 18,
  "lineage": "3411cf9f-fd3e-5883-4b87-a73d895c90b2",
  "outputs": {},
  "resources": [
    {
      "mode": "managed",
      "type": "google_container_cluster",
      "name": "primary",
      "provider": "provider.google",
      "instances": [
        {
          "schema_version": 1,
          "attributes": {
            "additional_zones": [],
            "addons_config": [
              {
                "horizontal_pod_autoscaling": [],
                "http_load_balancing": [],
                "kubernetes_dashboard": [],
                "network_policy_config": [
                  {
                    "disabled": true
                  }
                ]
              }
            ],
            "authenticator_groups_config": [],
            "cluster_autoscaling": [
              {
                "auto_provisioning_defaults": [],
                "enabled": false,
                "resource_limits": []
              }
            ],
            "cluster_ipv4_cidr": "10.12.0.0/14",
            "default_max_pods_per_node": 110,
            "description": "",
            "enable_binary_authorization": false,
            "enable_intranode_visibility": null,
            "enable_kubernetes_alpha": false,
            "enable_legacy_abac": false,
            "enable_tpu": null,
            "endpoint": "34.91.232.51",
            "id": "projects/test-21111992/locations/europe-west4/clusters/gke-cluster",
            "initial_node_count": 1,
            "instance_group_urls": [],
            "ip_allocation_policy": [],
            "label_fingerprint": "a9dc16a7",
            "location": "europe-west4",
            "logging_service": "logging.googleapis.com/kubernetes",
            "maintenance_policy": [],
            "master_auth": [
              {
                "client_certificate": "",
                "client_certificate_config": [
                  {
                    "issue_client_certificate": false
                  }
                ],
                "client_key": "",
                "cluster_ca_certificate": "LS0tLS1CRUdJTiBDRVJUSUZJQ0FURS0tLS0tCk1JSURERENDQWZTZ0F3SUJBZ0lSQUoyajlmTXZSaC9MaUJ2WjhWakJHK3d3RFFZSktvWklodmNOQVFFTEJRQXcKTHpFdE1Dc0dBMVVFQXhNa1l6RXpOakUxTTJRdFpqWmpZeTAwTnpCaExUa3dZemd0TldSak56UmlNV1k0TkRVdwpNQjRYRFRJd01ETXhOREV5TkRrd01Gb1hEVEkxTURNeE16RXpORGt3TUZvd0x6RXRNQ3NHQTFVRUF4TWtZekV6Ck5qRTFNMlF0Wmpaall5MDBOekJoTFRrd1l6Z3ROV1JqTnpSaU1XWTRORFV3TUlJQklqQU5CZ2txaGtpRzl3MEIKQVFFRkFBT0NBUThBTUlJQkNnS0NBUUVBa3FmRjArY2pGUkVpOHdkNkNmVXQwcVZYbjRPUXhFN090RjhzVXpZSgpjVDRDUGFaa0NBN1JlWW1wL2JZTHZ4ZnkzZ211TnozdGR4MGRHZWhBWHlRYUZkUmJDT1lGc0lVYldNc2k5UWs0CmNiejNqZHpxblJjUTYxMnpxVVQ5NHlTbmhKdDVSR3VycllsczlRYjdVQXBYZ0NSZENWVEo0MFBjeFJlTmhBWkUKZURTL21oQUcyNGNWSVU3L2xYekxCam45Wm43eUZRWksrZ3FDMnI1dkZwUGRJcWVqVjhwUUxobmtJQ2NlbmM1YQpIYVRUTGlGNFpJVjdrUmNTVUp1SHhHUmhjb1YvL0NIS0ExT3NhNWtWOGljM1lrUmUyemo5Mkhaend6YTAzdDdHCmRxbFdnR01aVlVFMFltZ2YxVkVXUmRMUXZoT3Q1aG1yWUJJVERvczZNcm01NHdJREFRQUJveU13SVRBT0JnTlYKSFE4QkFmOEVCQU1DQWdRd0R3WURWUjBUQVFIL0JBVXdBd0VCL3pBTkJna3Foa2lHOXcwQkFRc0ZBQU9DQVFFQQpqMjFGelBYNnRkZk1OWE1XYTJDNkxOcXplRXZzcVpiRFFXQXpDMGcrdFh5V3V6SjUvUXZzZGJFTlBJa3VEczBFCi8rWk9henJleTJQTjJDT0Z4TWJOQkVDelpvT0tDeW1nZEl0SlM5dCtYTnNNTlZSY3pEa3BRbTNoRXdSeGlMTk4KU3NpU3lBMGtjVE5VSDlaQXoxcWJtUThtN0loSVpDVEVQSEorcGpjSWR4aU5vVHlKQ1pzc2g4cjh6VC83cFFNVQpxY2VyQlpZWEkvdGNrUFNPNDlIMG9QTTVPeUo4MlBHdWdSa3JkZ21ZQy85S082akZiTjVSeTZWanBOZ1F2SGhpCmI5ZER2WWxpSGNuQ0Q4djJSNTV1UE5GL0dBMXM1d29XbG82RE5NOGNrNVVOd0h1QUhvYVl3NlFqSHoxN3hBVGgKM1dyREx0UTZTZVRoSWlLbnVEdkVXdz09Ci0tLS0tRU5EIENFUlRJRklDQVRFLS0tLS0K",
                "password": "",
                "username": ""
              }
            ],
            "master_authorized_networks_config": [],
            "master_version": "1.14.10-gke.17",
            "min_master_version": null,
            "monitoring_service": "monitoring.googleapis.com/kubernetes",
            "name": "gke-cluster",
            "network": "projects/test-21111992/global/networks/default",
            "network_policy": [
              {
                "enabled": false,
                "provider": "PROVIDER_UNSPECIFIED"
              }
            ],
            "node_config": [],
            "node_locations": [
              "europe-west4-a",
              "europe-west4-b",
              "europe-west4-c"
            ],
            "node_pool": [],
            "node_version": "1.14.10-gke.17",
            "operation": null,
            "pod_security_policy_config": null,
            "private_cluster_config": [],
            "project": "test-21111992",
            "region": null,
            "remove_default_node_pool": true,
            "resource_labels": null,
            "services_ipv4_cidr": "10.15.240.0/20",
            "subnetwork": "projects/test-21111992/regions/europe-west4/subnetworks/default",
            "timeouts": null,
            "vertical_pod_autoscaling": [],
            "zone": null
          },
          "private": "eyJlMmJmYjczMC1lY2FhLTExZTYtOGY4OC0zNDM2M2JjN2M0YzAiOnsiY3JlYXRlIjoyNDAwMDAwMDAwMDAwLCJkZWxldGUiOjI0MDAwMDAwMDAwMDAsInVwZGF0ZSI6MzYwMDAwMDAwMDAwMH0sInNjaGVtYV92ZXJzaW9uIjoiMSJ9"
        }
      ]
    },
    {
      "mode": "managed",
      "type": "google_container_node_pool",
      "name": "primary_preemptible_nodes",
      "provider": "provider.google",
      "instances": [
        {
          "schema_version": 1,
          "attributes": {
            "autoscaling": [
              {
                "max_node_count": 3,
                "min_node_count": 1
              }
            ],
            "cluster": "gke-cluster",
            "id": "projects/test-21111992/locations/europe-west4/clusters/gke-cluster/nodePools/my-node-pool",
            "initial_node_count": 1,
            "instance_group_urls": [
              "https://www.googleapis.com/compute/v1/projects/test-21111992/zones/europe-west4-c/instanceGroupManagers/gke-gke-cluster-my-node-pool-1f175daa-grp",
              "https://www.googleapis.com/compute/v1/projects/test-21111992/zones/europe-west4-a/instanceGroupManagers/gke-gke-cluster-my-node-pool-a579db3a-grp",
              "https://www.googleapis.com/compute/v1/projects/test-21111992/zones/europe-west4-b/instanceGroupManagers/gke-gke-cluster-my-node-pool-a92afbfd-grp"
            ],
            "location": "europe-west4",
            "management": [
              {
                "auto_repair": false,
                "auto_upgrade": true
              }
            ],
            "max_pods_per_node": null,
            "name": "my-node-pool",
            "name_prefix": "",
            "node_config": [
              {
                "disk_size_gb": 100,
                "disk_type": "pd-standard",
                "guest_accelerator": [],
                "image_type": "COS",
                "labels": {},
                "local_ssd_count": 0,
                "machine_type": "n1-standard-1",
                "metadata": {
                  "disable-legacy-endpoints": "true"
                },
                "min_cpu_platform": "",
                "oauth_scopes": [
                  "https://www.googleapis.com/auth/logging.write",
                  "https://www.googleapis.com/auth/monitoring"
                ],
                "preemptible": true,
                "sandbox_config": [],
                "service_account": "default",
                "shielded_instance_config": [
                  {
                    "enable_integrity_monitoring": true,
                    "enable_secure_boot": false
                  }
                ],
                "tags": null,
                "taint": [],
                "workload_metadata_config": []
              }
            ],
            "node_count": 1,
            "project": "test-21111992",
            "region": null,
            "timeouts": null,
            "version": "1.14.10-gke.17",
            "zone": null
          },
          "private": "eyJlMmJmYjczMC1lY2FhLTExZTYtOGY4OC0zNDM2M2JjN2M0YzAiOnsiY3JlYXRlIjoxODAwMDAwMDAwMDAwLCJkZWxldGUiOjE4MDAwMDAwMDAwMDAsInVwZGF0ZSI6MTgwMDAwMDAwMDAwMH0sInNjaGVtYV92ZXJzaW9uIjoiMSJ9",
          "dependencies": [
            "google_container_cluster.primary"
          ]
        }
      ]
    }
  ]
}
